
Microsoft Visual Studio Solution File, Format Version 12.00
# Visual Studio Version 16
VisualStudioVersion = 16.0.29519.87
MinimumVisualStudioVersion = 10.0.40219.1
Project("{FAE04EC0-301F-11D3-BF4B-00C04F79EFBC}") = "CollectionviewEx.Android", "CollectionviewEx\CollectionviewEx.Android\CollectionviewEx.Android.csproj", "{ED1F592E-3517-4D84-B68F-40174F326462}"
EndProject
Project("{FAE04EC0-301F-11D3-BF4B-00C04F79EFBC}") = "CollectionviewEx.iOS", "CollectionviewEx\CollectionviewEx.iOS\CollectionviewEx.iOS.csproj", "{CCB20619-879A-44E7-BBC4-F0846FA4EAA2}"
EndProject
Project("{FAE04EC0-301F-11D3-BF4B-00C04F79EFBC}") = "CollectionviewEx", "CollectionviewEx\CollectionviewEx\CollectionviewEx.csproj", "{C68F579D-F7B2-4449-8386-4E67C4717A4E}"
EndProject
Global
	GlobalSection(SolutionConfigurationPlatforms) = preSolution
		Debug|Any CPU = Debug|Any CPU
		Debug|iPhone = Debug|iPhone
		Debug|iPhoneSimulator = Debug|iPhoneSimulator
		Release|Any CPU = Release|Any CPU
		Release|iPhone = Release|iPhone
		Release|iPhoneSimulator = Release|iPhoneSimulator
	EndGlobalSection
	GlobalSection(ProjectConfigurationPlatforms) = postSolution
		{ED1F592E-3517-4D84-B68F-40174F326462}.Debug|Any CPU.ActiveCfg = Debug|Any CPU
		{ED1F592E-3517-4D84-B68F-40174F326462}.Debug|Any CPU.Build.0 = Debug|Any CPU
		{ED1F592E-3517-4D84-B68F-40174F326462}.Debug|Any CPU.Deploy.0 = Debug|Any CPU
		{ED1F592E-3517-4D84-B68F-40174F326462}.Debug|iPhone.ActiveCfg = Debug|Any CPU
		{ED1F592E-3517-4D84-B68F-40174F326462}.Debug|iPhone.Build.0 = Debug|Any CPU
		{ED1F592E-3517-4D84-B68F-40174F326462}.Debug|iPhone.Deploy.0 = Debug|Any CPU
		{ED1F592E-3517-4D84-B68F-40174F326462}.Debug|iPhoneSimulator.ActiveCfg = Debug|Any CPU
		{ED1F592E-3517-4D84-B68F-40174F326462}.Debug|iPhoneSimulator.Build.0 = Debug|Any CPU
		{ED1F592E-3517-4D84-B68F-40174F326462}.Debug|iPhoneSimulator.Deploy.0 = Debug|Any CPU
		{ED1F592E-3517-4D84-B68F-40174F326462}.Release|Any CPU.ActiveCfg = Release|Any CPU
		{ED1F592E-3517-4D84-B68F-40174F326462}.Release|Any CPU.Build.0 = Release|Any CPU
		{ED1F592E-3517-4D84-B68F-40174F326462}.Release|Any CPU.Deploy.0 = Release|Any CPU
		{ED1F592E-3517-4D84-B68F-40174F326462}.Release|iPhone.ActiveCfg = Release|Any CPU
		{ED1F592E-3517-4D84-B68F-40174F326462}.Release|iPhone.Build.0 = Release|Any CPU
		{ED1F592E-3517-4D84-B68F-40174F326462}.Release|iPhone.Deploy.0 = Release|Any CPU
		{ED1F592E-3517-4D84-B68F-40174F326462}.Release|iPhoneSimulator.ActiveCfg = Release|Any CPU
		{ED1F592E-3517-4D84-B68F-40174F326462}.Release|iPhoneSimulator.Build.0 = Release|Any CPU
		{ED1F592E-3517-4D84-B68F-40174F326462}.Release|iPhoneSimulator.Deploy.0 = Release|Any CPU
		{CCB20619-879A-44E7-BBC4-F0846FA4EAA2}.Debug|Any CPU.ActiveCfg = Debug|iPhoneSimulator
		{CCB20619-879A-44E7-BBC4-F0846FA4EAA2}.Debug|Any CPU.Build.0 = Debug|iPhoneSimulator
		{CCB20619-879A-44E7-BBC4-F0846FA4EAA2}.Debug|Any CPU.Deploy.0 = Debug|iPhoneSimulator
		{CCB20619-879A-44E7-BBC4-F0846FA4EAA2}.Debug|iPhone.ActiveCfg = Debug|iPhone
		{CCB20619-879A-44E7-BBC4-F0846FA4EAA2}.Debug|iPhone.Build.0 = Debug|iPhone
		{CCB20619-879A-44E7-BBC4-F0846FA4EAA2}.Debug|iPhone.Deploy.0 = Debug|iPhone
		{CCB20619-879A-44E7-BBC4-F0846FA4EAA2}.Debug|iPhoneSimulator.ActiveCfg = Debug|iPhoneSimulator
		{CCB20619-879A-44E7-BBC4-F0846FA4EAA2}.Debug|iPhoneSimulator.Build.0 = Debug|iPhoneSimulator
		{CCB20619-879A-44E7-BBC4-F0846FA4EAA2}.Debug|iPhoneSimulator.Deploy.0 = Debug|iPhoneSimulator
		{CCB20619-879A-44E7-BBC4-F0846FA4EAA2}.Release|Any CPU.ActiveCfg = Release|iPhone
		{CCB20619-879A-44E7-BBC4-F0846FA4EAA2}.Release|Any CPU.Build.0 = Release|iPhone
		{CCB20619-879A-44E7-BBC4-F0846FA4EAA2}.Release|Any CPU.Deploy.0 = Release|iPhone
		{CCB20619-879A-44E7-BBC4-F0846FA4EAA2}.Release|iPhone.ActiveCfg = Release|iPhone
		{CCB20619-879A-44E7-BBC4-F0846FA4EAA2}.Release|iPhone.Build.0 = Release|iPhone
		{CCB20619-879A-44E7-BBC4-F0846FA4EAA2}.Release|iPhone.Deploy.0 = Release|iPhone
		{CCB20619-879A-44E7-BBC4-F0846FA4EAA2}.Release|iPhoneSimulator.ActiveCfg = Release|iPhoneSimulator
		{CCB20619-879A-44E7-BBC4-F0846FA4EAA2}.Release|iPhoneSimulator.Build.0 = Release|iPhoneSimulator
		{CCB20619-879A-44E7-BBC4-F0846FA4EAA2}.Release|iPhoneSimulator.Deploy.0 = Release|iPhoneSimulator
		{C68F579D-F7B2-4449-8386-4E67C4717A4E}.Debug|Any CPU.ActiveCfg = Debug|Any CPU
		{C68F579D-F7B2-4449-8386-4E67C4717A4E}.Debug|Any CPU.Build.0 = Debug|Any CPU
		{C68F579D-F7B2-4449-8386-4E67C4717A4E}.Debug|Any CPU.Deploy.0 = Debug|Any CPU
		{C68F579D-F7B2-4449-8386-4E67C4717A4E}.Debug|iPhone.ActiveCfg = Debug|Any CPU
		{C68F579D-F7B2-4449-8386-4E67C4717A4E}.Debug|iPhone.Build.0 = Debug|Any CPU
		{C68F579D-F7B2-4449-8386-4E67C4717A4E}.Debug|iPhone.Deploy.0 = Debug|Any CPU
		{C68F579D-F7B2-4449-8386-4E67C4717A4E}.Debug|iPhoneSimulator.ActiveCfg = Debug|Any CPU
		{C68F579D-F7B2-4449-8386-4E67C4717A4E}.Debug|iPhoneSimulator.Build.0 = Debug|Any CPU
		{C68F579D-F7B2-4449-8386-4E67C4717A4E}.Debug|iPhoneSimulator.Deploy.0 = Debug|Any CPU
		{C68F579D-F7B2-4449-8386-4E67C4717A4E}.Release|Any CPU.ActiveCfg = Release|Any CPU
		{C68F579D-F7B2-4449-8386-4E67C4717A4E}.Release|Any CPU.Build.0 = Release|Any CPU
		{C68F579D-F7B2-4449-8386-4E67C4717A4E}.Release|Any CPU.Deploy.0 = Release|Any CPU
		{C68F579D-F7B2-4449-8386-4E67C4717A4E}.Release|iPhone.ActiveCfg = Release|Any CPU
		{C68F579D-F7B2-4449-8386-4E67C4717A4E}.Release|iPhone.Build.0 = Release|Any CPU
		{C68F579D-F7B2-4449-8386-4E67C4717A4E}.Release|iPhone.Deploy.0 = Release|Any CPU
		{C68F579D-F7B2-4449-8386-4E67C4717A4E}.Release|iPhoneSimulator.ActiveCfg = Release|Any CPU
		{C68F579D-F7B2-4449-8386-4E67C4717A4E}.Release|iPhoneSimulator.Build.0 = Release|Any CPU
		{C68F579D-F7B2-4449-8386-4E67C4717A4E}.Release|iPhoneSimulator.Deploy.0 = Release|Any CPU
	EndGlobalSection
	GlobalSection(SolutionProperties) = preSolution
		HideSolutionNode = FALSE
	EndGlobalSection
	GlobalSection(ExtensibilityGlobals) = postSolution
		SolutionGuid = {B9EFB6D9-3661-4279-8590-FCBD0D5F52AC}
	EndGlobalSection
EndGlobal
